# THIS IS AN AUTOGENERATED FILE. DO NOT EDIT THIS FILE DIRECTLY.
# yarn lockfile v1


"@react-native-picker/picker@^2.5.1":
  version "2.5.1"
  resolved "https://registry.yarnpkg.com/@react-native-picker/picker/-/picker-2.5.1.tgz#dfa13d5b97bfbedf1f7e7c608181a82f1d58b351"
  integrity sha512-/sADUfQsosMRYtrqqL3ZYZSECRygj0fXtpRLqxJfwuMEoqfvfn40756R6B1alzusVvDRZFI0ari0iQid56hA/Q==
